// !$*UTF8*$!
{
	archiveVersion = 1;
	classes = {
	};
	objectVersion = 51;
	objects = {

/* Begin PBXBuildFile section */
		2A6E4D5D26D449C0C48A2A81 /* Pods_BreakFastUITests.framework in Frameworks */ = {isa = PBXBuildFile; fileRef = 3908A858B4F3DF8783D8C7B6 /* Pods_BreakFastUITests.framework */; };
		31C752A624BB09131B7735D9 /* Pods_BreakFastTests.framework in Frameworks */ = {isa = PBXBuildFile; fileRef = C6F87C43557D8647B7B03C19 /* Pods_BreakFastTests.framework */; };
		4A251B50E1D682846F90C9F6 /* Pods_BreakFast.framework in Frameworks */ = {isa = PBXBuildFile; fileRef = ED9469252CC09E37F00FE003 /* Pods_BreakFast.framework */; };
		8B53DD4D233B3FD10003D29F /* AppDelegate.swift in Sources */ = {isa = PBXBuildFile; fileRef = 8B53DD4C233B3FD10003D29F /* AppDelegate.swift */; };
		8B53DD4F233B3FD10003D29F /* ViewController.swift in Sources */ = {isa = PBXBuildFile; fileRef = 8B53DD4E233B3FD10003D29F /* ViewController.swift */; };
		8B53DD52233B3FD10003D29F /* Main.storyboard in Resources */ = {isa = PBXBuildFile; fileRef = 8B53DD50233B3FD10003D29F /* Main.storyboard */; };
		8B53DD54233B3FD30003D29F /* Assets.xcassets in Resources */ = {isa = PBXBuildFile; fileRef = 8B53DD53233B3FD30003D29F /* Assets.xcassets */; };
		8B53DD57233B3FD30003D29F /* LaunchScreen.storyboard in Resources */ = {isa = PBXBuildFile; fileRef = 8B53DD55233B3FD30003D29F /* LaunchScreen.storyboard */; };
		8B53DD62233B3FD30003D29F /* BreakFastTests.swift in Sources */ = {isa = PBXBuildFile; fileRef = 8B53DD61233B3FD30003D29F /* BreakFastTests.swift */; };
		8B53DD6D233B3FD30003D29F /* BreakFastUITests.swift in Sources */ = {isa = PBXBuildFile; fileRef = 8B53DD6C233B3FD30003D29F /* BreakFastUITests.swift */; };
		8B53DD7B233B4A320003D29F /* LoginVC.swift in Sources */ = {isa = PBXBuildFile; fileRef = 8B53DD7A233B4A320003D29F /* LoginVC.swift */; };
		8B53DD7D233B54B10003D29F /* SignUpVC.swift in Sources */ = {isa = PBXBuildFile; fileRef = 8B53DD7C233B54B10003D29F /* SignUpVC.swift */; };
		8B53DD7F233B60C80003D29F /* VerifyVC.swift in Sources */ = {isa = PBXBuildFile; fileRef = 8B53DD7E233B60C80003D29F /* VerifyVC.swift */; };
		8B53DD81233B62E40003D29F /* ForgotPassVC.swift in Sources */ = {isa = PBXBuildFile; fileRef = 8B53DD80233B62E40003D29F /* ForgotPassVC.swift */; };
		8B53DD83233B64BF0003D29F /* ChangePassVC.swift in Sources */ = {isa = PBXBuildFile; fileRef = 8B53DD82233B64BF0003D29F /* ChangePassVC.swift */; };
		8B53DD85233B686F0003D29F /* DashTabBVC.swift in Sources */ = {isa = PBXBuildFile; fileRef = 8B53DD84233B686F0003D29F /* DashTabBVC.swift */; };
		8B53DD87233B68990003D29F /* HomeVC.swift in Sources */ = {isa = PBXBuildFile; fileRef = 8B53DD86233B68990003D29F /* HomeVC.swift */; };
		8B53DD89233B68B80003D29F /* ProfileVC.swift in Sources */ = {isa = PBXBuildFile; fileRef = 8B53DD88233B68B80003D29F /* ProfileVC.swift */; };
		8B90DEB6233DD76E0005B507 /* HomeCell.swift in Sources */ = {isa = PBXBuildFile; fileRef = 8B90DEB5233DD76E0005B507 /* HomeCell.swift */; };
		8B90DEB8233DE4360005B507 /* offerCell.swift in Sources */ = {isa = PBXBuildFile; fileRef = 8B90DEB7233DE4360005B507 /* offerCell.swift */; };
		8BAFE584233CCE1400AB59CE /* MapVC.swift in Sources */ = {isa = PBXBuildFile; fileRef = 8BAFE583233CCE1400AB59CE /* MapVC.swift */; };
		8BAFE586233CD0F300AB59CE /* GMSMapView.swift in Sources */ = {isa = PBXBuildFile; fileRef = 8BAFE585233CD0F300AB59CE /* GMSMapView.swift */; };
		8BAFE588233CD3A400AB59CE /* SearchVC.swift in Sources */ = {isa = PBXBuildFile; fileRef = 8BAFE587233CD3A400AB59CE /* SearchVC.swift */; };
		8BAFE58A233CD3C100AB59CE /* OrderVC.swift in Sources */ = {isa = PBXBuildFile; fileRef = 8BAFE589233CD3C100AB59CE /* OrderVC.swift */; };
		8BAFE58C233CDA1300AB59CE /* OrderConfirmVC.swift in Sources */ = {isa = PBXBuildFile; fileRef = 8BAFE58B233CDA1300AB59CE /* OrderConfirmVC.swift */; };
		8BB8F2492343358100D024FB /* CatDetailsVC.swift in Sources */ = {isa = PBXBuildFile; fileRef = 8BB8F2482343358100D024FB /* CatDetailsVC.swift */; };
/* End PBXBuildFile section */

/* Begin PBXContainerItemProxy section */
		8B53DD5E233B3FD30003D29F /* PBXContainerItemProxy */ = {
			isa = PBXContainerItemProxy;
			containerPortal = 8B53DD41233B3FD10003D29F /* Project object */;
			proxyType = 1;
			remoteGlobalIDString = 8B53DD48233B3FD10003D29F;
			remoteInfo = BreakFast;
		};
		8B53DD69233B3FD30003D29F /* PBXContainerItemProxy */ = {
			isa = PBXContainerItemProxy;
			containerPortal = 8B53DD41233B3FD10003D29F /* Project object */;
			proxyType = 1;
			remoteGlobalIDString = 8B53DD48233B3FD10003D29F;
			remoteInfo = BreakFast;
		};
/* End PBXContainerItemProxy section */

/* Begin PBXFileReference section */
		14A3179EFEED98F6D37AEB17 /* Pods-BreakFastTests.debug.xcconfig */ = {isa = PBXFileReference; includeInIndex = 1; lastKnownFileType = text.xcconfig; name = "Pods-BreakFastTests.debug.xcconfig"; path = "Target Support Files/Pods-BreakFastTests/Pods-BreakFastTests.debug.xcconfig"; sourceTree = "<group>"; };
		3908A858B4F3DF8783D8C7B6 /* Pods_BreakFastUITests.framework */ = {isa = PBXFileReference; explicitFileType = wrapper.framework; includeInIndex = 0; path = Pods_BreakFastUITests.framework; sourceTree = BUILT_PRODUCTS_DIR; };
		65D8131C13F61157A794DC86 /* Pods-BreakFast.release.xcconfig */ = {isa = PBXFileReference; includeInIndex = 1; lastKnownFileType = text.xcconfig; name = "Pods-BreakFast.release.xcconfig"; path = "Target Support Files/Pods-BreakFast/Pods-BreakFast.release.xcconfig"; sourceTree = "<group>"; };
		70773CFA8F7C65F3EEEDA063 /* Pods-BreakFastTests.release.xcconfig */ = {isa = PBXFileReference; includeInIndex = 1; lastKnownFileType = text.xcconfig; name = "Pods-BreakFastTests.release.xcconfig"; path = "Target Support Files/Pods-BreakFastTests/Pods-BreakFastTests.release.xcconfig"; sourceTree = "<group>"; };
		7B503820AD4C73243F2BE3DF /* Pods-BreakFastUITests.release.xcconfig */ = {isa = PBXFileReference; includeInIndex = 1; lastKnownFileType = text.xcconfig; name = "Pods-BreakFastUITests.release.xcconfig"; path = "Target Support Files/Pods-BreakFastUITests/Pods-BreakFastUITests.release.xcconfig"; sourceTree = "<group>"; };
		8B53DD49233B3FD10003D29F /* BreakFast.app */ = {isa = PBXFileReference; explicitFileType = wrapper.application; includeInIndex = 0; path = BreakFast.app; sourceTree = BUILT_PRODUCTS_DIR; };
		8B53DD4C233B3FD10003D29F /* AppDelegate.swift */ = {isa = PBXFileReference; lastKnownFileType = sourcecode.swift; path = AppDelegate.swift; sourceTree = "<group>"; };
		8B53DD4E233B3FD10003D29F /* ViewController.swift */ = {isa = PBXFileReference; lastKnownFileType = sourcecode.swift; path = ViewController.swift; sourceTree = "<group>"; };
		8B53DD51233B3FD10003D29F /* Base */ = {isa = PBXFileReference; lastKnownFileType = file.storyboard; name = Base; path = Base.lproj/Main.storyboard; sourceTree = "<group>"; };
		8B53DD53233B3FD30003D29F /* Assets.xcassets */ = {isa = PBXFileReference; lastKnownFileType = folder.assetcatalog; path = Assets.xcassets; sourceTree = "<group>"; };
		8B53DD56233B3FD30003D29F /* Base */ = {isa = PBXFileReference; lastKnownFileType = file.storyboard; name = Base; path = Base.lproj/LaunchScreen.storyboard; sourceTree = "<group>"; };
		8B53DD58233B3FD30003D29F /* Info.plist */ = {isa = PBXFileReference; lastKnownFileType = text.plist.xml; path = Info.plist; sourceTree = "<group>"; };
		8B53DD5D233B3FD30003D29F /* BreakFastTests.xctest */ = {isa = PBXFileReference; explicitFileType = wrapper.cfbundle; includeInIndex = 0; path = BreakFastTests.xctest; sourceTree = BUILT_PRODUCTS_DIR; };
		8B53DD61233B3FD30003D29F /* BreakFastTests.swift */ = {isa = PBXFileReference; lastKnownFileType = sourcecode.swift; path = BreakFastTests.swift; sourceTree = "<group>"; };
		8B53DD63233B3FD30003D29F /* Info.plist */ = {isa = PBXFileReference; lastKnownFileType = text.plist.xml; path = Info.plist; sourceTree = "<group>"; };
		8B53DD68233B3FD30003D29F /* BreakFastUITests.xctest */ = {isa = PBXFileReference; explicitFileType = wrapper.cfbundle; includeInIndex = 0; path = BreakFastUITests.xctest; sourceTree = BUILT_PRODUCTS_DIR; };
		8B53DD6C233B3FD30003D29F /* BreakFastUITests.swift */ = {isa = PBXFileReference; lastKnownFileType = sourcecode.swift; path = BreakFastUITests.swift; sourceTree = "<group>"; };
		8B53DD6E233B3FD30003D29F /* Info.plist */ = {isa = PBXFileReference; lastKnownFileType = text.plist.xml; path = Info.plist; sourceTree = "<group>"; };
		8B53DD7A233B4A320003D29F /* LoginVC.swift */ = {isa = PBXFileReference; lastKnownFileType = sourcecode.swift; path = LoginVC.swift; sourceTree = "<group>"; };
		8B53DD7C233B54B10003D29F /* SignUpVC.swift */ = {isa = PBXFileReference; lastKnownFileType = sourcecode.swift; path = SignUpVC.swift; sourceTree = "<group>"; };
		8B53DD7E233B60C80003D29F /* VerifyVC.swift */ = {isa = PBXFileReference; lastKnownFileType = sourcecode.swift; path = VerifyVC.swift; sourceTree = "<group>"; };
		8B53DD80233B62E40003D29F /* ForgotPassVC.swift */ = {isa = PBXFileReference; lastKnownFileType = sourcecode.swift; path = ForgotPassVC.swift; sourceTree = "<group>"; };
		8B53DD82233B64BF0003D29F /* ChangePassVC.swift */ = {isa = PBXFileReference; lastKnownFileType = sourcecode.swift; path = ChangePassVC.swift; sourceTree = "<group>"; };
		8B53DD84233B686F0003D29F /* DashTabBVC.swift */ = {isa = PBXFileReference; lastKnownFileType = sourcecode.swift; path = DashTabBVC.swift; sourceTree = "<group>"; };
		8B53DD86233B68990003D29F /* HomeVC.swift */ = {isa = PBXFileReference; lastKnownFileType = sourcecode.swift; path = HomeVC.swift; sourceTree = "<group>"; };
		8B53DD88233B68B80003D29F /* ProfileVC.swift */ = {isa = PBXFileReference; lastKnownFileType = sourcecode.swift; path = ProfileVC.swift; sourceTree = "<group>"; };
		8B90DEB5233DD76E0005B507 /* HomeCell.swift */ = {isa = PBXFileReference; lastKnownFileType = sourcecode.swift; path = HomeCell.swift; sourceTree = "<group>"; };
		8B90DEB7233DE4360005B507 /* offerCell.swift */ = {isa = PBXFileReference; lastKnownFileType = sourcecode.swift; path = offerCell.swift; sourceTree = "<group>"; };
		8BAFE583233CCE1400AB59CE /* MapVC.swift */ = {isa = PBXFileReference; lastKnownFileType = sourcecode.swift; path = MapVC.swift; sourceTree = "<group>"; };
		8BAFE585233CD0F300AB59CE /* GMSMapView.swift */ = {isa = PBXFileReference; fileEncoding = 4; lastKnownFileType = sourcecode.swift; path = GMSMapView.swift; sourceTree = "<group>"; };
		8BAFE587233CD3A400AB59CE /* SearchVC.swift */ = {isa = PBXFileReference; lastKnownFileType = sourcecode.swift; path = SearchVC.swift; sourceTree = "<group>"; };
		8BAFE589233CD3C100AB59CE /* OrderVC.swift */ = {isa = PBXFileReference; lastKnownFileType = sourcecode.swift; path = OrderVC.swift; sourceTree = "<group>"; };
		8BAFE58B233CDA1300AB59CE /* OrderConfirmVC.swift */ = {isa = PBXFileReference; lastKnownFileType = sourcecode.swift; path = OrderConfirmVC.swift; sourceTree = "<group>"; };
		8BB8F2482343358100D024FB /* CatDetailsVC.swift */ = {isa = PBXFileReference; lastKnownFileType = sourcecode.swift; path = CatDetailsVC.swift; sourceTree = "<group>"; };
		9F6ADB9576D2E1CC9B26D09E /* Pods-BreakFastUITests.debug.xcconfig */ = {isa = PBXFileReference; includeInIndex = 1; lastKnownFileType = text.xcconfig; name = "Pods-BreakFastUITests.debug.xcconfig"; path = "Target Support Files/Pods-BreakFastUITests/Pods-BreakFastUITests.debug.xcconfig"; sourceTree = "<group>"; };
		B75DC5D79B45BBCA07165AE1 /* Pods-BreakFast.debug.xcconfig */ = {isa = PBXFileReference; includeInIndex = 1; lastKnownFileType = text.xcconfig; name = "Pods-BreakFast.debug.xcconfig"; path = "Target Support Files/Pods-BreakFast/Pods-BreakFast.debug.xcconfig"; sourceTree = "<group>"; };
		C6F87C43557D8647B7B03C19 /* Pods_BreakFastTests.framework */ = {isa = PBXFileReference; explicitFileType = wrapper.framework; includeInIndex = 0; path = Pods_BreakFastTests.framework; sourceTree = BUILT_PRODUCTS_DIR; };
		ED9469252CC09E37F00FE003 /* Pods_BreakFast.framework */ = {isa = PBXFileReference; explicitFileType = wrapper.framework; includeInIndex = 0; path = Pods_BreakFast.framework; sourceTree = BUILT_PRODUCTS_DIR; };
/* End PBXFileReference section */

/* Begin PBXFrameworksBuildPhase section */
		8B53DD46233B3FD10003D29F /* Frameworks */ = {
			isa = PBXFrameworksBuildPhase;
			buildActionMask = 2147483647;
			files = (
				4A251B50E1D682846F90C9F6 /* Pods_BreakFast.framework in Frameworks */,
			);
			runOnlyForDeploymentPostprocessing = 0;
		};
		8B53DD5A233B3FD30003D29F /* Frameworks */ = {
			isa = PBXFrameworksBuildPhase;
			buildActionMask = 2147483647;
			files = (
				31C752A624BB09131B7735D9 /* Pods_BreakFastTests.framework in Frameworks */,
			);
			runOnlyForDeploymentPostprocessing = 0;
		};
		8B53DD65233B3FD30003D29F /* Frameworks */ = {
			isa = PBXFrameworksBuildPhase;
			buildActionMask = 2147483647;
			files = (
				2A6E4D5D26D449C0C48A2A81 /* Pods_BreakFastUITests.framework in Frameworks */,
			);
			runOnlyForDeploymentPostprocessing = 0;
		};
/* End PBXFrameworksBuildPhase section */

/* Begin PBXGroup section */
		02A534C4C91A8930933D87E3 /* Pods */ = {
			isa = PBXGroup;
			children = (
				B75DC5D79B45BBCA07165AE1 /* Pods-BreakFast.debug.xcconfig */,
				65D8131C13F61157A794DC86 /* Pods-BreakFast.release.xcconfig */,
				14A3179EFEED98F6D37AEB17 /* Pods-BreakFastTests.debug.xcconfig */,
				70773CFA8F7C65F3EEEDA063 /* Pods-BreakFastTests.release.xcconfig */,
				9F6ADB9576D2E1CC9B26D09E /* Pods-BreakFastUITests.debug.xcconfig */,
				7B503820AD4C73243F2BE3DF /* Pods-BreakFastUITests.release.xcconfig */,
			);
			path = Pods;
			sourceTree = "<group>";
		};
		6760E3E701E6CA962FF0A3AF /* Frameworks */ = {
			isa = PBXGroup;
			children = (
				ED9469252CC09E37F00FE003 /* Pods_BreakFast.framework */,
				C6F87C43557D8647B7B03C19 /* Pods_BreakFastTests.framework */,
				3908A858B4F3DF8783D8C7B6 /* Pods_BreakFastUITests.framework */,
			);
			name = Frameworks;
			sourceTree = "<group>";
		};
		8B53DD40233B3FD10003D29F = {
			isa = PBXGroup;
			children = (
				8B53DD4B233B3FD10003D29F /* BreakFast */,
				8B53DD60233B3FD30003D29F /* BreakFastTests */,
				8B53DD6B233B3FD30003D29F /* BreakFastUITests */,
				8B53DD4A233B3FD10003D29F /* Products */,
				02A534C4C91A8930933D87E3 /* Pods */,
				6760E3E701E6CA962FF0A3AF /* Frameworks */,
			);
			sourceTree = "<group>";
		};
		8B53DD4A233B3FD10003D29F /* Products */ = {
			isa = PBXGroup;
			children = (
				8B53DD49233B3FD10003D29F /* BreakFast.app */,
				8B53DD5D233B3FD30003D29F /* BreakFastTests.xctest */,
				8B53DD68233B3FD30003D29F /* BreakFastUITests.xctest */,
			);
			name = Products;
			sourceTree = "<group>";
		};
		8B53DD4B233B3FD10003D29F /* BreakFast */ = {
			isa = PBXGroup;
			children = (
				8B53DD4C233B3FD10003D29F /* AppDelegate.swift */,
				8B53DD4E233B3FD10003D29F /* ViewController.swift */,
				8B53DD50233B3FD10003D29F /* Main.storyboard */,
				8BB8F2482343358100D024FB /* CatDetailsVC.swift */,
				8B90DEB5233DD76E0005B507 /* HomeCell.swift */,
				8BAFE58B233CDA1300AB59CE /* OrderConfirmVC.swift */,
				8BAFE583233CCE1400AB59CE /* MapVC.swift */,
				8B53DD86233B68990003D29F /* HomeVC.swift */,
				8B90DEB7233DE4360005B507 /* offerCell.swift */,
				8B53DD88233B68B80003D29F /* ProfileVC.swift */,
				8BAFE587233CD3A400AB59CE /* SearchVC.swift */,
				8BAFE589233CD3C100AB59CE /* OrderVC.swift */,
				8B53DD84233B686F0003D29F /* DashTabBVC.swift */,
				8B53DD82233B64BF0003D29F /* ChangePassVC.swift */,
				8B53DD80233B62E40003D29F /* ForgotPassVC.swift */,
				8B53DD7E233B60C80003D29F /* VerifyVC.swift */,
				8BAFE585233CD0F300AB59CE /* GMSMapView.swift */,
				8B53DD7C233B54B10003D29F /* SignUpVC.swift */,
				8B53DD7A233B4A320003D29F /* LoginVC.swift */,
				8B53DD53233B3FD30003D29F /* Assets.xcassets */,
				8B53DD55233B3FD30003D29F /* LaunchScreen.storyboard */,
				8B53DD58233B3FD30003D29F /* Info.plist */,
			);
			path = BreakFast;
			sourceTree = "<group>";
		};
		8B53DD60233B3FD30003D29F /* BreakFastTests */ = {
			isa = PBXGroup;
			children = (
				8B53DD61233B3FD30003D29F /* BreakFastTests.swift */,
				8B53DD63233B3FD30003D29F /* Info.plist */,
			);
			path = BreakFastTests;
			sourceTree = "<group>";
		};
		8B53DD6B233B3FD30003D29F /* BreakFastUITests */ = {
			isa = PBXGroup;
			children = (
				8B53DD6C233B3FD30003D29F /* BreakFastUITests.swift */,
				8B53DD6E233B3FD30003D29F /* Info.plist */,
			);
			path = BreakFastUITests;
			sourceTree = "<group>";
		};
/* End PBXGroup section */

/* Begin PBXNativeTarget section */
		8B53DD48233B3FD10003D29F /* BreakFast */ = {
			isa = PBXNativeTarget;
			buildConfigurationList = 8B53DD71233B3FD30003D29F /* Build configuration list for PBXNativeTarget "BreakFast" */;
			buildPhases = (
				B7C5440D152C1BE8C6FBD4C2 /* [CP] Check Pods Manifest.lock */,
				8B53DD45233B3FD10003D29F /* Sources */,
				8B53DD46233B3FD10003D29F /* Frameworks */,
				8B53DD47233B3FD10003D29F /* Resources */,
				8DC63511B595DEB1ED4184BA /* [CP] Embed Pods Frameworks */,
				1749AE3EF9169886AE26B220 /* [CP] Copy Pods Resources */,
			);
			buildRules = (
			);
			dependencies = (
			);
			name = BreakFast;
			productName = BreakFast;
			productReference = 8B53DD49233B3FD10003D29F /* BreakFast.app */;
			productType = "com.apple.product-type.application";
		};
		8B53DD5C233B3FD30003D29F /* BreakFastTests */ = {
			isa = PBXNativeTarget;
			buildConfigurationList = 8B53DD74233B3FD30003D29F /* Build configuration list for PBXNativeTarget "BreakFastTests" */;
			buildPhases = (
				3FA858E085691337521BB99F /* [CP] Check Pods Manifest.lock */,
				8B53DD59233B3FD30003D29F /* Sources */,
				8B53DD5A233B3FD30003D29F /* Frameworks */,
				8B53DD5B233B3FD30003D29F /* Resources */,
			);
			buildRules = (
			);
			dependencies = (
				8B53DD5F233B3FD30003D29F /* PBXTargetDependency */,
			);
			name = BreakFastTests;
			productName = BreakFastTests;
			productReference = 8B53DD5D233B3FD30003D29F /* BreakFastTests.xctest */;
			productType = "com.apple.product-type.bundle.unit-test";
		};
		8B53DD67233B3FD30003D29F /* BreakFastUITests */ = {
			isa = PBXNativeTarget;
			buildConfigurationList = 8B53DD77233B3FD30003D29F /* Build configuration list for PBXNativeTarget "BreakFastUITests" */;
			buildPhases = (
				F3E2816BC3C0C255D94A5A79 /* [CP] Check Pods Manifest.lock */,
				8B53DD64233B3FD30003D29F /* Sources */,
				8B53DD65233B3FD30003D29F /* Frameworks */,
				8B53DD66233B3FD30003D29F /* Resources */,
			);
			buildRules = (
			);
			dependencies = (
				8B53DD6A233B3FD30003D29F /* PBXTargetDependency */,
			);
			name = BreakFastUITests;
			productName = BreakFastUITests;
			productReference = 8B53DD68233B3FD30003D29F /* BreakFastUITests.xctest */;
			productType = "com.apple.product-type.bundle.ui-testing";
		};
/* End PBXNativeTarget section */

/* Begin PBXProject section */
		8B53DD41233B3FD10003D29F /* Project object */ = {
			isa = PBXProject;
			attributes = {
				LastSwiftUpdateCheck = 1010;
				LastUpgradeCheck = 1010;
				ORGANIZATIONNAME = GlamourMapp;
				TargetAttributes = {
					8B53DD48233B3FD10003D29F = {
						CreatedOnToolsVersion = 10.1;
					};
					8B53DD5C233B3FD30003D29F = {
						CreatedOnToolsVersion = 10.1;
						TestTargetID = 8B53DD48233B3FD10003D29F;
					};
					8B53DD67233B3FD30003D29F = {
						CreatedOnToolsVersion = 10.1;
						TestTargetID = 8B53DD48233B3FD10003D29F;
					};
				};
			};
			buildConfigurationList = 8B53DD44233B3FD10003D29F /* Build configuration list for PBXProject "BreakFast" */;
			compatibilityVersion = "Xcode 9.3";
			developmentRegion = en;
			hasScannedForEncodings = 0;
			knownRegions = (
				en,
				Base,
			);
			mainGroup = 8B53DD40233B3FD10003D29F;
			productRefGroup = 8B53DD4A233B3FD10003D29F /* Products */;
			projectDirPath = "";
			projectRoot = "";
			targets = (
				8B53DD48233B3FD10003D29F /* BreakFast */,
				8B53DD5C233B3FD30003D29F /* BreakFastTests */,
				8B53DD67233B3FD30003D29F /* BreakFastUITests */,
			);
		};
/* End PBXProject section */

/* Begin PBXResourcesBuildPhase section */
		8B53DD47233B3FD10003D29F /* Resources */ = {
			isa = PBXResourcesBuildPhase;
			buildActionMask = 2147483647;
			files = (
				8B53DD57233B3FD30003D29F /* LaunchScreen.storyboard in Resources */,
				8B53DD54233B3FD30003D29F /* Assets.xcassets in Resources */,
				8B53DD52233B3FD10003D29F /* Main.storyboard in Resources */,
			);
			runOnlyForDeploymentPostprocessing = 0;
		};
		8B53DD5B233B3FD30003D29F /* Resources */ = {
			isa = PBXResourcesBuildPhase;
			buildActionMask = 2147483647;
			files = (
			);
			runOnlyForDeploymentPostprocessing = 0;
		};
		8B53DD66233B3FD30003D29F /* Resources */ = {
			isa = PBXResourcesBuildPhase;
			buildActionMask = 2147483647;
			files = (
			);
			runOnlyForDeploymentPostprocessing = 0;
		};
/* End PBXResourcesBuildPhase section */

/* Begin PBXShellScriptBuildPhase section */
		1749AE3EF9169886AE26B220 /* [CP] Copy Pods Resources */ = {
			isa = PBXShellScriptBuildPhase;
			buildActionMask = 2147483647;
			files = (
			);
			inputFileListPaths = (
				"${PODS_ROOT}/Target Support Files/Pods-BreakFast/Pods-BreakFast-resources-${CONFIGURATION}-input-files.xcfilelist",
			);
			name = "[CP] Copy Pods Resources";
			outputFileListPaths = (
				"${PODS_ROOT}/Target Support Files/Pods-BreakFast/Pods-BreakFast-resources-${CONFIGURATION}-output-files.xcfilelist",
			);
			runOnlyForDeploymentPostprocessing = 0;
			shellPath = /bin/sh;
			shellScript = "\"${PODS_ROOT}/Target Support Files/Pods-BreakFast/Pods-BreakFast-resources.sh\"\n";
			showEnvVarsInLog = 0;
		};
		3FA858E085691337521BB99F /* [CP] Check Pods Manifest.lock */ = {
			isa = PBXShellScriptBuildPhase;
			buildActionMask = 2147483647;
			files = (
			);
			inputFileListPaths = (
			);
			inputPaths = (
				"${PODS_PODFILE_DIR_PATH}/Podfile.lock",
				"${PODS_ROOT}/Manifest.lock",
			);
			name = "[CP] Check Pods Manifest.lock";
			outputFileListPaths = (
			);
			outputPaths = (
				"$(DERIVED_FILE_DIR)/Pods-BreakFastTests-checkManifestLockResult.txt",
			);
			runOnlyForDeploymentPostprocessing = 0;
			shellPath = /bin/sh;
			shellScript = "diff \"${PODS_PODFILE_DIR_PATH}/Podfile.lock\" \"${PODS_ROOT}/Manifest.lock\" > /dev/null\nif [ $? != 0 ] ; then\n    # print error to STDERR\n    echo \"error: The sandbox is not in sync with the Podfile.lock. Run 'pod install' or update your CocoaPods installation.\" >&2\n    exit 1\nfi\n# This output is used by Xcode 'outputs' to avoid re-running this script phase.\necho \"SUCCESS\" > \"${SCRIPT_OUTPUT_FILE_0}\"\n";
			showEnvVarsInLog = 0;
		};
		8DC63511B595DEB1ED4184BA /* [CP] Embed Pods Frameworks */ = {
			isa = PBXShellScriptBuildPhase;
			buildActionMask = 2147483647;
			files = (
			);
			inputFileListPaths = (
				"${PODS_ROOT}/Target Support Files/Pods-BreakFast/Pods-BreakFast-frameworks-${CONFIGURATION}-input-files.xcfilelist",
			);
			name = "[CP] Embed Pods Frameworks";
			outputFileListPaths = (
				"${PODS_ROOT}/Target Support Files/Pods-BreakFast/Pods-BreakFast-frameworks-${CONFIGURATION}-output-files.xcfilelist",
			);
			runOnlyForDeploymentPostprocessing = 0;
			shellPath = /bin/sh;
			shellScript = "\"${PODS_ROOT}/Target Support Files/Pods-BreakFast/Pods-BreakFast-frameworks.sh\"\n";
			showEnvVarsInLog = 0;
		};
		B7C5440D152C1BE8C6FBD4C2 /* [CP] Check Pods Manifest.lock */ = {
			isa = PBXShellScriptBuildPhase;
			buildActionMask = 2147483647;
			files = (
			);
			inputFileListPaths = (
			);
			inputPaths = (
				"${PODS_PODFILE_DIR_PATH}/Podfile.lock",
				"${PODS_ROOT}/Manifest.lock",
			);
			name = "[CP] Check Pods Manifest.lock";
			outputFileListPaths = (
			);
			outputPaths = (
				"$(DERIVED_FILE_DIR)/Pods-BreakFast-checkManifestLockResult.txt",
			);
			runOnlyForDeploymentPostprocessing = 0;
			shellPath = /bin/sh;
			shellScript = "diff \"${PODS_PODFILE_DIR_PATH}/Podfile.lock\" \"${PODS_ROOT}/Manifest.lock\" > /dev/null\nif [ $? != 0 ] ; then\n    # print error to STDERR\n    echo \"error: The sandbox is not in sync with the Podfile.lock. Run 'pod install' or update your CocoaPods installation.\" >&2\n    exit 1\nfi\n# This output is used by Xcode 'outputs' to avoid re-running this script phase.\necho \"SUCCESS\" > \"${SCRIPT_OUTPUT_FILE_0}\"\n";
			showEnvVarsInLog = 0;
		};
		F3E2816BC3C0C255D94A5A79 /* [CP] Check Pods Manifest.lock */ = {
			isa = PBXShellScriptBuildPhase;
			buildActionMask = 2147483647;
			files = (
			);
			inputFileListPaths = (
			);
			inputPaths = (
				"${PODS_PODFILE_DIR_PATH}/Podfile.lock",
				"${PODS_ROOT}/Manifest.lock",
			);
			name = "[CP] Check Pods Manifest.lock";
			outputFileListPaths = (
			);
			outputPaths = (
				"$(DERIVED_FILE_DIR)/Pods-BreakFastUITests-checkManifestLockResult.txt",
			);
			runOnlyForDeploymentPostprocessing = 0;
			shellPath = /bin/sh;
			shellScript = "diff \"${PODS_PODFILE_DIR_PATH}/Podfile.lock\" \"${PODS_ROOT}/Manifest.lock\" > /dev/null\nif [ $? != 0 ] ; then\n    # print error to STDERR\n    echo \"error: The sandbox is not in sync with the Podfile.lock. Run 'pod install' or update your CocoaPods installation.\" >&2\n    exit 1\nfi\n# This output is used by Xcode 'outputs' to avoid re-running this script phase.\necho \"SUCCESS\" > \"${SCRIPT_OUTPUT_FILE_0}\"\n";
			showEnvVarsInLog = 0;
		};
/* End PBXShellScriptBuildPhase section */

/* Begin PBXSourcesBuildPhase section */
		8B53DD45233B3FD10003D29F /* Sources */ = {
			isa = PBXSourcesBuildPhase;
			buildActionMask = 2147483647;
			files = (
				8B53DD89233B68B80003D29F /* ProfileVC.swift in Sources */,
				8B53DD81233B62E40003D29F /* ForgotPassVC.swift in Sources */,
				8B90DEB6233DD76E0005B507 /* HomeCell.swift in Sources */,
				8B53DD83233B64BF0003D29F /* ChangePassVC.swift in Sources */,
				8BAFE586233CD0F300AB59CE /* GMSMapView.swift in Sources */,
				8B53DD7F233B60C80003D29F /* VerifyVC.swift in Sources */,
				8BB8F2492343358100D024FB /* CatDetailsVC.swift in Sources */,
				8BAFE58C233CDA1300AB59CE /* OrderConfirmVC.swift in Sources */,
				8B53DD87233B68990003D29F /* HomeVC.swift in Sources */,
				8BAFE584233CCE1400AB59CE /* MapVC.swift in Sources */,
				8BAFE58A233CD3C100AB59CE /* OrderVC.swift in Sources */,
				8B90DEB8233DE4360005B507 /* offerCell.swift in Sources */,
				8B53DD7D233B54B10003D29F /* SignUpVC.swift in Sources */,
				8B53DD4F233B3FD10003D29F /* ViewController.swift in Sources */,
				8B53DD85233B686F0003D29F /* DashTabBVC.swift in Sources */,
				8BAFE588233CD3A400AB59CE /* SearchVC.swift in Sources */,
				8B53DD4D233B3FD10003D29F /* AppDelegate.swift in Sources */,
				8B53DD7B233B4A320003D29F /* LoginVC.swift in Sources */,
			);
			runOnlyForDeploymentPostprocessing = 0;
		};
		8B53DD59233B3FD30003D29F /* Sources */ = {
			isa = PBXSourcesBuildPhase;
			buildActionMask = 2147483647;
			files = (
				8B53DD62233B3FD30003D29F /* BreakFastTests.swift in Sources */,
			);
			runOnlyForDeploymentPostprocessing = 0;
		};
		8B53DD64233B3FD30003D29F /* Sources */ = {
			isa = PBXSourcesBuildPhase;
			buildActionMask = 2147483647;
			files = (
				8B53DD6D233B3FD30003D29F /* BreakFastUITests.swift in Sources */,
			);
			runOnlyForDeploymentPostprocessing = 0;
		};
/* End PBXSourcesBuildPhase section */

/* Begin PBXTargetDependency section */
		8B53DD5F233B3FD30003D29F /* PBXTargetDependency */ = {
			isa = PBXTargetDependency;
			target = 8B53DD48233B3FD10003D29F /* BreakFast */;
			targetProxy = 8B53DD5E233B3FD30003D29F /* PBXContainerItemProxy */;
		};
		8B53DD6A233B3FD30003D29F /* PBXTargetDependency */ = {
			isa = PBXTargetDependency;
			target = 8B53DD48233B3FD10003D29F /* BreakFast */;
			targetProxy = 8B53DD69233B3FD30003D29F /* PBXContainerItemProxy */;
		};
/* End PBXTargetDependency section */

/* Begin PBXVariantGroup section */
		8B53DD50233B3FD10003D29F /* Main.storyboard */ = {
			isa = PBXVariantGroup;
			children = (
				8B53DD51233B3FD10003D29F /* Base */,
			);
			name = Main.storyboard;
			sourceTree = "<group>";
		};
		8B53DD55233B3FD30003D29F /* LaunchScreen.storyboard */ = {
			isa = PBXVariantGroup;
			children = (
				8B53DD56233B3FD30003D29F /* Base */,
			);
			name = LaunchScreen.storyboard;
			sourceTree = "<group>";
		};
/* End PBXVariantGroup section */

/* Begin XCBuildConfiguration section */
		8B53DD6F233B3FD30003D29F /* Debug */ = {
			isa = XCBuildConfiguration;
			buildSettings = {
				ALWAYS_SEARCH_USER_PATHS = NO;
				CLANG_ANALYZER_NONNULL = YES;
				CLANG_ANALYZER_NUMBER_OBJECT_CONVERSION = YES_AGGRESSIVE;
				CLANG_CXX_LANGUAGE_STANDARD = "gnu++14";
				CLANG_CXX_LIBRARY = "libc++";
				CLANG_ENABLE_MODULES = YES;
				CLANG_ENABLE_OBJC_ARC = YES;
				CLANG_ENABLE_OBJC_WEAK = YES;
				CLANG_WARN_BLOCK_CAPTURE_AUTORELEASING = YES;
				CLANG_WARN_BOOL_CONVERSION = YES;
				CLANG_WARN_COMMA = YES;
				CLANG_WARN_CONSTANT_CONVERSION = YES;
				CLANG_WARN_DEPRECATED_OBJC_IMPLEMENTATIONS = YES;
				CLANG_WARN_DIRECT_OBJC_ISA_USAGE = YES_ERROR;
				CLANG_WARN_DOCUMENTATION_COMMENTS = YES;
				CLANG_WARN_EMPTY_BODY = YES;
				CLANG_WARN_ENUM_CONVERSION = YES;
				CLANG_WARN_INFINITE_RECURSION = YES;
				CLANG_WARN_INT_CONVERSION = YES;
				CLANG_WARN_NON_LITERAL_NULL_CONVERSION = YES;
				CLANG_WARN_OBJC_IMPLICIT_RETAIN_SELF = YES;
				CLANG_WARN_OBJC_LITERAL_CONVERSION = YES;
				CLANG_WARN_OBJC_ROOT_CLASS = YES_ERROR;
				CLANG_WARN_RANGE_LOOP_ANALYSIS = YES;
				CLANG_WARN_STRICT_PROTOTYPES = YES;
				CLANG_WARN_SUSPICIOUS_MOVE = YES;
				CLANG_WARN_UNGUARDED_AVAILABILITY = YES_AGGRESSIVE;
				CLANG_WARN_UNREACHABLE_CODE = YES;
				CLANG_WARN__DUPLICATE_METHOD_MATCH = YES;
				CODE_SIGN_IDENTITY = "iPhone Developer";
				COPY_PHASE_STRIP = NO;
				DEBUG_INFORMATION_FORMAT = dwarf;
				ENABLE_STRICT_OBJC_MSGSEND = YES;
				ENABLE_TESTABILITY = YES;
				GCC_C_LANGUAGE_STANDARD = gnu11;
				GCC_DYNAMIC_NO_PIC = NO;
				GCC_NO_COMMON_BLOCKS = YES;
				GCC_OPTIMIZATION_LEVEL = 0;
				GCC_PREPROCESSOR_DEFINITIONS = (
					"DEBUG=1",
					"$(inherited)",
				);
				GCC_WARN_64_TO_32_BIT_CONVERSION = YES;
				GCC_WARN_ABOUT_RETURN_TYPE = YES_ERROR;
				GCC_WARN_UNDECLARED_SELECTOR = YES;
				GCC_WARN_UNINITIALIZED_AUTOS = YES_AGGRESSIVE;
				GCC_WARN_UNUSED_FUNCTION = YES;
				GCC_WARN_UNUSED_VARIABLE = YES;
				IPHONEOS_DEPLOYMENT_TARGET = 12.1;
				MTL_ENABLE_DEBUG_INFO = INCLUDE_SOURCE;
				MTL_FAST_MATH = YES;
				ONLY_ACTIVE_ARCH = YES;
				SDKROOT = iphoneos;
				SWIFT_ACTIVE_COMPILATION_CONDITIONS = DEBUG;
				SWIFT_OPTIMIZATION_LEVEL = "-Onone";
			};
			name = Debug;
		};
		8B53DD70233B3FD30003D29F /* Release */ = {
			isa = XCBuildConfiguration;
			buildSettings = {
				ALWAYS_SEARCH_USER_PATHS = NO;
				CLANG_ANALYZER_NONNULL = YES;
				CLANG_ANALYZER_NUMBER_OBJECT_CONVERSION = YES_AGGRESSIVE;
				CLANG_CXX_LANGUAGE_STANDARD = "gnu++14";
				CLANG_CXX_LIBRARY = "libc++";
				CLANG_ENABLE_MODULES = YES;
				CLANG_ENABLE_OBJC_ARC = YES;
				CLANG_ENABLE_OBJC_WEAK = YES;
				CLANG_WARN_BLOCK_CAPTURE_AUTORELEASING = YES;
				CLANG_WARN_BOOL_CONVERSION = YES;
				CLANG_WARN_COMMA = YES;
				CLANG_WARN_CONSTANT_CONVERSION = YES;
				CLANG_WARN_DEPRECATED_OBJC_IMPLEMENTATIONS = YES;
				CLANG_WARN_DIRECT_OBJC_ISA_USAGE = YES_ERROR;
				CLANG_WARN_DOCUMENTATION_COMMENTS = YES;
				CLANG_WARN_EMPTY_BODY = YES;
				CLANG_WARN_ENUM_CONVERSION = YES;
				CLANG_WARN_INFINITE_RECURSION = YES;
				CLANG_WARN_INT_CONVERSION = YES;
				CLANG_WARN_NON_LITERAL_NULL_CONVERSION = YES;
				CLANG_WARN_OBJC_IMPLICIT_RETAIN_SELF = YES;
				CLANG_WARN_OBJC_LITERAL_CONVERSION = YES;
				CLANG_WARN_OBJC_ROOT_CLASS = YES_ERROR;
				CLANG_WARN_RANGE_LOOP_ANALYSIS = YES;
				CLANG_WARN_STRICT_PROTOTYPES = YES;
				CLANG_WARN_SUSPICIOUS_MOVE = YES;
				CLANG_WARN_UNGUARDED_AVAILABILITY = YES_AGGRESSIVE;
				CLANG_WARN_UNREACHABLE_CODE = YES;
				CLANG_WARN__DUPLICATE_METHOD_MATCH = YES;
				CODE_SIGN_IDENTITY = "iPhone Developer";
				COPY_PHASE_STRIP = NO;
				DEBUG_INFORMATION_FORMAT = "dwarf-with-dsym";
				ENABLE_NS_ASSERTIONS = NO;
				ENABLE_STRICT_OBJC_MSGSEND = YES;
				GCC_C_LANGUAGE_STANDARD = gnu11;
				GCC_NO_COMMON_BLOCKS = YES;
				GCC_WARN_64_TO_32_BIT_CONVERSION = YES;
				GCC_WARN_ABOUT_RETURN_TYPE = YES_ERROR;
				GCC_WARN_UNDECLARED_SELECTOR = YES;
				GCC_WARN_UNINITIALIZED_AUTOS = YES_AGGRESSIVE;
				GCC_WARN_UNUSED_FUNCTION = YES;
				GCC_WARN_UNUSED_VARIABLE = YES;
				IPHONEOS_DEPLOYMENT_TARGET = 12.1;
				MTL_ENABLE_DEBUG_INFO = NO;
				MTL_FAST_MATH = YES;
				SDKROOT = iphoneos;
				SWIFT_COMPILATION_MODE = wholemodule;
				SWIFT_OPTIMIZATION_LEVEL = "-O";
				VALIDATE_PRODUCT = YES;
			};
			name = Release;
		};
		8B53DD72233B3FD30003D29F /* Debug */ = {
			isa = XCBuildConfiguration;
			baseConfigurationReference = B75DC5D79B45BBCA07165AE1 /* Pods-BreakFast.debug.xcconfig */;
			buildSettings = {
				ASSETCATALOG_COMPILER_APPICON_NAME = AppIcon;
				CODE_SIGN_STYLE = Automatic;
				DEVELOPMENT_TEAM = JAVKRN8TPF;
				INFOPLIST_FILE = BreakFast/Info.plist;
				LD_RUNPATH_SEARCH_PATHS = (
					"$(inherited)",
					"@executable_path/Frameworks",
				);
				PRODUCT_BUNDLE_IDENTIFIER = com.krishna.BreakFast;
				PRODUCT_NAME = "$(TARGET_NAME)";
				SWIFT_VERSION = 4.2;
				TARGETED_DEVICE_FAMILY = "1,2";
			};
			name = Debug;
		};
		8B53DD73233B3FD30003D29F /* Release */ = {
			isa = XCBuildConfiguration;
			baseConfigurationReference = 65D8131C13F61157A794DC86 /* Pods-BreakFast.release.xcconfig */;
			buildSettings = {
				ASSETCATALOG_COMPILER_APPICON_NAME = AppIcon;
				CODE_SIGN_STYLE = Automatic;
				DEVELOPMENT_TEAM = JAVKRN8TPF;
				INFOPLIST_FILE = BreakFast/Info.plist;
				LD_RUNPATH_SEARCH_PATHS = (
					"$(inherited)",
					"@executable_path/Frameworks",
				);
				PRODUCT_BUNDLE_IDENTIFIER = com.krishna.BreakFast;
				PRODUCT_NAME = "$(TARGET_NAME)";
				SWIFT_VERSION = 4.2;
				TARGETED_DEVICE_FAMILY = "1,2";
			};
			name = Release;
		};
		8B53DD75233B3FD30003D29F /* Debug */ = {
			isa = XCBuildConfiguration;
			baseConfigurationReference = 14A3179EFEED98F6D37AEB17 /* Pods-BreakFastTests.debug.xcconfig */;
			buildSettings = {
				ALWAYS_EMBED_SWIFT_STANDARD_LIBRARIES = YES;
				BUNDLE_LOADER = "$(TEST_HOST)";
				CODE_SIGN_STYLE = Automatic;
				INFOPLIST_FILE = BreakFastTests/Info.plist;
				LD_RUNPATH_SEARCH_PATHS = (
					"$(inherited)",
					"@executable_path/Frameworks",
					"@loader_path/Frameworks",
				);
				PRODUCT_BUNDLE_IDENTIFIER = com.krishna.BreakFastTests;
				PRODUCT_NAME = "$(TARGET_NAME)";
				SWIFT_VERSION = 4.2;
				TARGETED_DEVICE_FAMILY = "1,2";
				TEST_HOST = "$(BUILT_PRODUCTS_DIR)/BreakFast.app/BreakFast";
			};
			name = Debug;
		};
		8B53DD76233B3FD30003D29F /* Release */ = {
			isa = XCBuildConfiguration;
			baseConfigurationReference = 70773CFA8F7C65F3EEEDA063 /* Pods-BreakFastTests.release.xcconfig */;
			buildSettings = {
				ALWAYS_EMBED_SWIFT_STANDARD_LIBRARIES = YES;
				BUNDLE_LOADER = "$(TEST_HOST)";
				CODE_SIGN_STYLE = Automatic;
				INFOPLIST_FILE = BreakFastTests/Info.plist;
				LD_RUNPATH_SEARCH_PATHS = (
					"$(inherited)",
					"@executable_path/Frameworks",
					"@loader_path/Frameworks",
				);
				PRODUCT_BUNDLE_IDENTIFIER = com.krishna.BreakFastTests;
				PRODUCT_NAME = "$(TARGET_NAME)";
				SWIFT_VERSION = 4.2;
				TARGETED_DEVICE_FAMILY = "1,2";
				TEST_HOST = "$(BUILT_PRODUCTS_DIR)/BreakFast.app/BreakFast";
			};
			name = Release;
		};
		8B53DD78233B3FD30003D29F /* Debug */ = {
			isa = XCBuildConfiguration;
			baseConfigurationReference = 9F6ADB9576D2E1CC9B26D09E /* Pods-BreakFastUITests.debug.xcconfig */;
			buildSettings = {
				ALWAYS_EMBED_SWIFT_STANDARD_LIBRARIES = YES;
				CODE_SIGN_STYLE = Automatic;
				INFOPLIST_FILE = BreakFastUITests/Info.plist;
				LD_RUNPATH_SEARCH_PATHS = (
					"$(inherited)",
					"@executable_path/Frameworks",
					"@loader_path/Frameworks",
				);
				PRODUCT_BUNDLE_IDENTIFIER = com.krishna.BreakFastUITests;
				PRODUCT_NAME = "$(TARGET_NAME)";
				SWIFT_VERSION = 4.2;
				TARGETED_DEVICE_FAMILY = "1,2";
				TEST_TARGET_NAME = BreakFast;
			};
			name = Debug;
		};
		8B53DD79233B3FD30003D29F /* Release */ = {
			isa = XCBuildConfiguration;
			baseConfigurationReference = 7B503820AD4C73243F2BE3DF /* Pods-BreakFastUITests.release.xcconfig */;
			buildSettings = {
				ALWAYS_EMBED_SWIFT_STANDARD_LIBRARIES = YES;
				CODE_SIGN_STYLE = Automatic;
				INFOPLIST_FILE = BreakFastUITests/Info.plist;
				LD_RUNPATH_SEARCH_PATHS = (
					"$(inherited)",
					"@executable_path/Frameworks",
					"@loader_path/Frameworks",
				);
				PRODUCT_BUNDLE_IDENTIFIER = com.krishna.BreakFastUITests;
				PRODUCT_NAME = "$(TARGET_NAME)";
				SWIFT_VERSION = 4.2;
				TARGETED_DEVICE_FAMILY = "1,2";
				TEST_TARGET_NAME = BreakFast;
			};
			name = Release;
		};
/* End XCBuildConfiguration section */

/* Begin XCConfigurationList section */
		8B53DD44233B3FD10003D29F /* Build configuration list for PBXProject "BreakFast" */ = {
			isa = XCConfigurationList;
			buildConfigurations = (
				8B53DD6F233B3FD30003D29F /* Debug */,
				8B53DD70233B3FD30003D29F /* Release */,
			);
			defaultConfigurationIsVisible = 0;
			defaultConfigurationName = Release;
		};
		8B53DD71233B3FD30003D29F /* Build configuration list for PBXNativeTarget "BreakFast" */ = {
			isa = XCConfigurationList;
			buildConfigurations = (
				8B53DD72233B3FD30003D29F /* Debug */,
				8B53DD73233B3FD30003D29F /* Release */,
			);
			defaultConfigurationIsVisible = 0;
			defaultConfigurationName = Release;
		};
		8B53DD74233B3FD30003D29F /* Build configuration list for PBXNativeTarget "BreakFastTests" */ = {
			isa = XCConfigurationList;
			buildConfigurations = (
				8B53DD75233B3FD30003D29F /* Debug */,
				8B53DD76233B3FD30003D29F /* Release */,
			);
			defaultConfigurationIsVisible = 0;
			defaultConfigurationName = Release;
		};
		8B53DD77233B3FD30003D29F /* Build configuration list for PBXNativeTarget "BreakFastUITests" */ = {
			isa = XCConfigurationList;
			buildConfigurations = (
				8B53DD78233B3FD30003D29F /* Debug */,
				8B53DD79233B3FD30003D29F /* Release */,
			);
			defaultConfigurationIsVisible = 0;
			defaultConfigurationName = Release;
		};
/* End XCConfigurationList section */
	};
	rootObject = 8B53DD41233B3FD10003D29F /* Project object */;
}
